NeoBundleLock neobundle.vim 24e96f08faf6ec47ffb0bcc2bb57edb22218f8ec
NeoBundleLock neocomplete-rsense.vim a8b7460a41eb96aa1c9e49b231dd95e216c8dc2d
NeoBundleLock neocomplete.vim de6822e7581cfce8c906ed6e9ba863a0dde78352
NeoBundleLock rsense 2952a54972cf927d5419085d1867b65ff7ab0d41
NeoBundleLock syntastic 91814d6723b03ea9f9437e1950d12861957d4b9a
NeoBundleLock vim-endwise 526fe36bd23120077f65856fe986c64a3e49a03a
NeoBundleLock vim-ref 007b0ac409100cf2b83eb7dace5c8235e3737fef
NeoBundleLock vim-ref-ri e3a2dbb71af73bf15c9c2134cc3630edc60331eb
NeoBundleLock vim-tags e75dea76e488d9208ed73c53c46a4abee2695115
